{
    "_meta": {
        "hash": {
            "sha256": "104790d295fe20eb70b4e89d497d2e1db59dc37e7c18c14b633e7b056a3313d0"
        },
        "pipfile-spec": 6,
        "requires": {
            "python_version": "3.7"
        },
        "sources": [
            {
                "name": "pypi",
                "url": "https://pypi.org/simple",
                "verify_ssl": true
            }
        ]
    },
    "default": {
        "certifi": {
            "hashes": [
                "sha256:78884e7c1d4b00ce3cea67b44566851c4343c120abd683433ce934a68ea58872",
                "sha256:d62a0163eb4c2344ac042ab2bdf75399a71a2d8c7d47eac2e2ee91b9d6339569"
            ],
            "version": "==2021.10.8"
        },
        "charset-normalizer": {
            "hashes": [
                "sha256:2842d8f5e82a1f6aa437380934d5e1cd4fcf2003b06fed6940769c164a480a45",
                "sha256:98398a9d69ee80548c762ba991a4728bfc3836768ed226b3945908d1a688371c"
            ],
            "markers": "python_version >= '3'",
            "version": "==2.0.11"
        },
        "django": {
            "hashes": [
                "sha256:1ee37046b0bf2b61e83b3a01d067323516ec3b6f2b17cd49b1326dd4ba9dc913",
                "sha256:90763c764738586b11d7e1f44828032c153366e43ad7f782908193a1bb2d6d92"
            ],
            "index": "pypi",
            "version": "==2.2.27"
        },
        "django-haystack": {
            "hashes": [
                "sha256:8b54bcc926596765d0a3383d693bcdd76109c7abb6b2323b3984a39e3576028c"
            ],
            "index": "pypi",
            "version": "==2.8.1"
        },
        "django-taggit": {
            "hashes": [
                "sha256:4186a6ce1e1e9af5e2db8dd3479c5d31fa11a87d216a2ce5089ba3afde24a2c5",
                "sha256:bd1ec80b813d60adadaa94dcce4bfd971cb4ae717b07e69fedbd38d417deb6e9"
            ],
            "index": "pypi",
            "version": "==1.2.0"
        },
        "idna": {
            "hashes": [
                "sha256:84d9dd047ffa80596e0f246e2eab0b391788b0503584e8945f2368256d2735ff",
                "sha256:9d643ff0a55b762d5cdb124b8eaa99c66322e2157b69160bc32796e824360e6d"
            ],
            "markers": "python_version >= '3'",
            "version": "==3.3"
        },
        "markdown": {
            "hashes": [
                "sha256:30ff37bf64245c5fe4c6fbb6967efacd03bef9abbd0fc1de3c888d26a9dbc85b",
                "sha256:df3bbae578f29767571b5ce67a4702fe14ed6710b97bab59251a5113b6bec3a3",
                "sha256:ee17d0d7dc091e645dd48302a2e21301cc68f188505c2069d8635f94554170bf"
            ],
            "index": "pypi",
            "version": "==2.6.2"
        },
        "pysolr": {
            "hashes": [
                "sha256:eea7b2705b4a24ea658136c55ae5c8c30bb661075600fc64d22e57e73951aa96"
            ],
            "index": "pypi",
            "version": "==3.3.2"
        },
        "python-dotenv": {
            "hashes": [
                "sha256:440c7c23d53b7d352f9c94d6f70860242c2f071cf5c029dd661ccb22d64ae42b",
                "sha256:f254bfd0c970d64ccbb6c9ebef3667ab301a71473569c991253a481f1c98dddc"
            ],
            "index": "pypi",
            "version": "==0.10.5"
        },
        "pytz": {
            "hashes": [
                "sha256:1c557d7d0e871de1f5ccd5833f60fb2550652da6be2693c1e02300743d21500d",
                "sha256:b02c06db6cf09c12dd25137e563b31700d3b80fcc4ad23abb7a315f2789819be"
            ],
            "index": "pypi",
            "version": "==2019.3"
        },
        "requests": {
            "hashes": [
                "sha256:68d7c56fd5a8999887728ef304a6d12edc7be74f1cfa47714fc8b414525c9a61",
                "sha256:f22fa1e554c9ddfd16e6e41ac79759e17be9e492b3587efa038054674760e72d"
            ],
            "markers": "python_version >= '2.7' and python_version not in '3.0, 3.1, 3.2, 3.3, 3.4, 3.5'",
            "version": "==2.27.1"
        },
        "sqlparse": {
            "hashes": [
                "sha256:0c00730c74263a94e5a9919ade150dfc3b19c574389985446148402998287dae",
                "sha256:48719e356bb8b42991bdbb1e8b83223757b93789c00910a616a071910ca4a64d"
            ],
            "markers": "python_version >= '3.5'",
            "version": "==0.4.2"
        },
        "urllib3": {
            "hashes": [
                "sha256:000ca7f471a233c2251c6c7023ee85305721bfdf18621ebff4fd17a8653427ed",
                "sha256:0e7c33d9a63e7ddfcb86780aac87befc2fbddf46c58dbb487e0855f7ceec283c"
            ],
            "markers": "python_version >= '2.7' and python_version not in '3.0, 3.1, 3.2, 3.3, 3.4' and python_version < '4'",
            "version": "==1.26.8"
        }
    },
    "develop": {}
}
