{
    "_meta": {
        "hash": {
            "sha256": "e67bdfc393e37406b98502af896c12787ff18a65449891222cc0c1f674e236b9"
        },
        "pipfile-spec": 6,
        "requires": {
            "python_version": "3.7"
        },
        "sources": [
            {
                "name": "pypi",
                "url": "https://pypi.org/simple",
                "verify_ssl": true
            }
        ]
    },
    "default": {
        "certifi": {
            "hashes": [
                "sha256:2bbf76fd432960138b3ef6dda3dde0544f27cbf8546c458e60baf371917ba9ee",
                "sha256:50b1e4f8446b06f41be7dd6338db18e0990601dce795c2b1686458aa7e8fa7d8"
            ],
            "version": "==2021.5.30"
        },
        "chardet": {
            "hashes": [
                "sha256:0d6f53a15db4120f2b08c94f11e7d93d2c911ee118b6b30a04ec3ee8310179fa",
                "sha256:f864054d66fd9118f2e67044ac8981a54775ec5b67aed0441892edb553d21da5"
            ],
            "version": "==4.0.0"
        },
        "django": {
            "hashes": [
                "sha256:753d30d3eb078064d2ddadfea65083c9848074a7f93d7b4dc7fa6b1380d278f5",
                "sha256:7cb67e8b934fab23b6daed7144da52e8a25a47eba7f360ca43d2b448506b01ad"
            ],
            "index": "pypi",
            "version": "==2.2.2"
        },
        "django-haystack": {
            "hashes": [
                "sha256:8b54bcc926596765d0a3383d693bcdd76109c7abb6b2323b3984a39e3576028c"
            ],
            "index": "pypi",
            "version": "==2.8.1"
        },
        "django-taggit": {
            "hashes": [
                "sha256:4186a6ce1e1e9af5e2db8dd3479c5d31fa11a87d216a2ce5089ba3afde24a2c5",
                "sha256:bd1ec80b813d60adadaa94dcce4bfd971cb4ae717b07e69fedbd38d417deb6e9"
            ],
            "index": "pypi",
            "version": "==1.2.0"
        },
        "idna": {
            "hashes": [
                "sha256:b307872f855b18632ce0c21c5e45be78c0ea7ae4c15c828c20788b26921eb3f6",
                "sha256:b97d804b1e9b523befed77c48dacec60e6dcb0b5391d57af6a65a312a90648c0"
            ],
            "version": "==2.10"
        },
        "markdown": {
            "hashes": [
                "sha256:30ff37bf64245c5fe4c6fbb6967efacd03bef9abbd0fc1de3c888d26a9dbc85b",
                "sha256:df3bbae578f29767571b5ce67a4702fe14ed6710b97bab59251a5113b6bec3a3",
                "sha256:ee17d0d7dc091e645dd48302a2e21301cc68f188505c2069d8635f94554170bf"
            ],
            "index": "pypi",
            "version": "==2.6.2"
        },
        "pysolr": {
            "hashes": [
                "sha256:eea7b2705b4a24ea658136c55ae5c8c30bb661075600fc64d22e57e73951aa96"
            ],
            "index": "pypi",
            "version": "==3.3.2"
        },
        "python-dotenv": {
            "hashes": [
                "sha256:440c7c23d53b7d352f9c94d6f70860242c2f071cf5c029dd661ccb22d64ae42b",
                "sha256:f254bfd0c970d64ccbb6c9ebef3667ab301a71473569c991253a481f1c98dddc"
            ],
            "index": "pypi",
            "version": "==0.10.5"
        },
        "pytz": {
            "hashes": [
                "sha256:1c557d7d0e871de1f5ccd5833f60fb2550652da6be2693c1e02300743d21500d",
                "sha256:b02c06db6cf09c12dd25137e563b31700d3b80fcc4ad23abb7a315f2789819be"
            ],
            "index": "pypi",
            "version": "==2019.3"
        },
        "requests": {
            "hashes": [
                "sha256:27973dd4a904a4f13b263a19c866c13b92a39ed1c964655f025f3f8d3d75b804",
                "sha256:c210084e36a42ae6b9219e00e48287def368a26d03a048ddad7bfee44f75871e"
            ],
            "version": "==2.25.1"
        },
        "sqlparse": {
            "hashes": [
                "sha256:017cde379adbd6a1f15a61873f43e8274179378e95ef3fede90b5aa64d304ed0",
                "sha256:0f91fd2e829c44362cbcfab3e9ae12e22badaa8a29ad5ff599f9ec109f0454e8"
            ],
            "version": "==0.4.1"
        },
        "urllib3": {
            "hashes": [
                "sha256:753a0374df26658f99d826cfe40394a686d05985786d946fbe4165b5148f5a7c",
                "sha256:a7acd0977125325f516bda9735fa7142b909a8d01e8b2e4c8108d0984e6e0098"
            ],
            "index": "pypi",
            "version": "==1.26.5"
        }
    },
    "develop": {}
}
